
Microsoft Visual Studio Solution File, Format Version 12.00
# Visual Studio Version 17
VisualStudioVersion = 17.13.35825.156 d17.13
MinimumVisualStudioVersion = 10.0.40219.1
Project("{FAE04EC0-301F-11D3-BF4B-00C04F79EFBC}") = "t44", "t44.csproj", "{8968CF78-E7B4-4697-89EE-1984ED31F12B}"
EndProject
Global
	GlobalSection(SolutionConfigurationPlatforms) = preSolution
		Debug|Any CPU = Debug|Any CPU
		Release|Any CPU = Release|Any CPU
	EndGlobalSection
	GlobalSection(ProjectConfigurationPlatforms) = postSolution
		{8968CF78-E7B4-4697-89EE-1984ED31F12B}.Debug|Any CPU.ActiveCfg = Debug|Any CPU
		{8968CF78-E7B4-4697-89EE-1984ED31F12B}.Debug|Any CPU.Build.0 = Debug|Any CPU
		{8968CF78-E7B4-4697-89EE-1984ED31F12B}.Release|Any CPU.ActiveCfg = Release|Any CPU
		{8968CF78-E7B4-4697-89EE-1984ED31F12B}.Release|Any CPU.Build.0 = Release|Any CPU
	EndGlobalSection
	GlobalSection(SolutionProperties) = preSolution
		HideSolutionNode = FALSE
	EndGlobalSection
	GlobalSection(ExtensibilityGlobals) = postSolution
		SolutionGuid = {1D93A753-B2BF-4433-BE56-686C4087950C}
	EndGlobalSection
EndGlobal
