
Microsoft Visual Studio Solution File, Format Version 12.00
# Visual Studio Version 17
VisualStudioVersion = 17.13.35825.156 d17.13
MinimumVisualStudioVersion = 10.0.40219.1
Project("{FAE04EC0-301F-11D3-BF4B-00C04F79EFBC}") = "t43", "t43.csproj", "{5A7A0B8C-C6C3-4D04-96D5-5490595A8BAA}"
EndProject
Global
	GlobalSection(SolutionConfigurationPlatforms) = preSolution
		Debug|Any CPU = Debug|Any CPU
		Release|Any CPU = Release|Any CPU
	EndGlobalSection
	GlobalSection(ProjectConfigurationPlatforms) = postSolution
		{5A7A0B8C-C6C3-4D04-96D5-5490595A8BAA}.Debug|Any CPU.ActiveCfg = Debug|Any CPU
		{5A7A0B8C-C6C3-4D04-96D5-5490595A8BAA}.Debug|Any CPU.Build.0 = Debug|Any CPU
		{5A7A0B8C-C6C3-4D04-96D5-5490595A8BAA}.Release|Any CPU.ActiveCfg = Release|Any CPU
		{5A7A0B8C-C6C3-4D04-96D5-5490595A8BAA}.Release|Any CPU.Build.0 = Release|Any CPU
	EndGlobalSection
	GlobalSection(SolutionProperties) = preSolution
		HideSolutionNode = FALSE
	EndGlobalSection
	GlobalSection(ExtensibilityGlobals) = postSolution
		SolutionGuid = {CB53E8D3-FFCD-4C6B-A1F0-270CCAC37D68}
	EndGlobalSection
EndGlobal
