
Microsoft Visual Studio Solution File, Format Version 12.00
# Visual Studio Version 17
VisualStudioVersion = 17.13.35825.156 d17.13
MinimumVisualStudioVersion = 10.0.40219.1
Project("{FAE04EC0-301F-11D3-BF4B-00C04F79EFBC}") = "t1", "t1.csproj", "{DDF1E56A-8FDE-4A68-A831-256FDEE9554B}"
EndProject
Global
	GlobalSection(SolutionConfigurationPlatforms) = preSolution
		Debug|Any CPU = Debug|Any CPU
		Release|Any CPU = Release|Any CPU
	EndGlobalSection
	GlobalSection(ProjectConfigurationPlatforms) = postSolution
		{DDF1E56A-8FDE-4A68-A831-256FDEE9554B}.Debug|Any CPU.ActiveCfg = Debug|Any CPU
		{DDF1E56A-8FDE-4A68-A831-256FDEE9554B}.Debug|Any CPU.Build.0 = Debug|Any CPU
		{DDF1E56A-8FDE-4A68-A831-256FDEE9554B}.Release|Any CPU.ActiveCfg = Release|Any CPU
		{DDF1E56A-8FDE-4A68-A831-256FDEE9554B}.Release|Any CPU.Build.0 = Release|Any CPU
	EndGlobalSection
	GlobalSection(SolutionProperties) = preSolution
		HideSolutionNode = FALSE
	EndGlobalSection
	GlobalSection(ExtensibilityGlobals) = postSolution
		SolutionGuid = {B15248DB-41BE-4AFC-A2B2-DB35DF560E9F}
	EndGlobalSection
EndGlobal
